
Microsoft Visual Studio Solution File, Format Version 12.00
# Visual Studio Version 17
VisualStudioVersion = 17.14.36212.18 d17.14
MinimumVisualStudioVersion = 10.0.40219.1
Project("{FAE04EC0-301F-11D3-BF4B-00C04F79EFBC}") = "TrabajoProyecto", "TrabajoProyecto.csproj", "{B885DA1A-A9EC-8F6B-5411-99001C04A140}"
EndProject
Global
	GlobalSection(SolutionConfigurationPlatforms) = preSolution
		Debug|Any CPU = Debug|Any CPU
		Release|Any CPU = Release|Any CPU
	EndGlobalSection
	GlobalSection(ProjectConfigurationPlatforms) = postSolution
		{B885DA1A-A9EC-8F6B-5411-99001C04A140}.Debug|Any CPU.ActiveCfg = Debug|Any CPU
		{B885DA1A-A9EC-8F6B-5411-99001C04A140}.Debug|Any CPU.Build.0 = Debug|Any CPU
		{B885DA1A-A9EC-8F6B-5411-99001C04A140}.Release|Any CPU.ActiveCfg = Release|Any CPU
		{B885DA1A-A9EC-8F6B-5411-99001C04A140}.Release|Any CPU.Build.0 = Release|Any CPU
	EndGlobalSection
	GlobalSection(SolutionProperties) = preSolution
		HideSolutionNode = FALSE
	EndGlobalSection
	GlobalSection(ExtensibilityGlobals) = postSolution
		SolutionGuid = {89392763-1D05-45C3-9DBD-8B2FB35AC607}
	EndGlobalSection
EndGlobal
